dependencies:
- name: consul
  repository: file://consul
  version: 0.1.0
- name: nginx
  repository: file://nginx
  version: 0.1.0
- name: mysql
  repository: file://mysql
  version: 0.1.0
- name: redis
  repository: file://redis
  version: 0.1.0
digest: sha256:241f3eacd3b6446a554455845577cecbcd17d29d3102226d8e0942d1f9720a72
generated: "2023-05-22T21:09:26.595583+07:00"
