dependencies:
- name: consul
  repository: file://consul
  version: 0.1.0
- name: nats
  repository: file://nats
  version: 0.1.0
- name: postgres
  repository: file://postgres
  version: 0.1.0
digest: sha256:997656276452aafba9ae586b191458cd36175777a31320536e2a704fcf8a11b0
generated: "2024-09-28T15:13:09.579876+07:00"
