dependencies:
- name: consul
  repository: file://consul
  version: 0.1.0
- name: nats
  repository: file://nats
  version: 0.1.0
- name: postgres
  repository: file://postgres
  version: 0.1.0
- name: redis
  repository: file://redis
  version: 0.1.0
- name: airflow
  repository: file://airflow
  version: 0.1.0
- name: mongo
  repository: file://mongo
  version: 0.1.0
- name: mysql
  repository: file://mysql
  version: 0.1.0
- name: keycloak
  repository: file://keycloak
  version: 0.1.0
- name: rabbitmq
  repository: file://rabbitmq
  version: 0.1.0
- name: cassandra
  repository: file://cassandra
  version: 0.1.0
digest: sha256:12547619842c4af2af9ff5b9cc2249367d51ef0fb4a6ca5446a05db5703d3db2
generated: "2024-12-06T21:12:44.612745+07:00"
