dependencies:
- name: consul
  repository: file://consul
  version: 0.1.0
- name: nats
  repository: file://nats
  version: 0.1.0
- name: postgres
  repository: file://postgres
  version: 0.1.0
- name: redis
  repository: file://redis
  version: 0.1.0
- name: airflow
  repository: file://airflow
  version: 0.1.0
- name: mongo
  repository: file://mongo
  version: 0.1.0
- name: mysql
  repository: file://mysql
  version: 0.1.0
- name: keycloak
  repository: file://keycloak
  version: 0.1.0
- name: rabbitmq
  repository: file://rabbitmq
  version: 0.1.0
digest: sha256:69288b3d7301740002df0d4b9e79681cdeafd47f1e95e2cef595654978ee063d
generated: "2024-10-14T20:16:43.025151+07:00"
