dependencies:
- name: consul
  repository: file://consul
  version: 0.1.0
- name: postgres
  repository: file://postgres
  version: 0.1.0
- name: mysql
  repository: file://mysql
  version: 0.1.0
- name: cassandra
  repository: file://cassandra
  version: 0.1.0
- name: redis
  repository: file://redis
  version: 0.1.0
- name: nats
  repository: file://nats
  version: 0.1.0
- name: mongo
  repository: file://mongo
  version: 0.1.0
- name: rabbitmq
  repository: file://rabbitmq
  version: 0.1.0
- name: ollama
  repository: file://ollama
  version: 0.1.0
digest: sha256:797b8bce71fd9601fc1a2f127b32ece6adfb56a6eca6ab6ad316796b4afe3585
generated: "2025-01-29T19:19:08.578072+07:00"
