dependencies:
- name: consul
  repository: file://consul
  version: 0.1.0
- name: postgres
  repository: file://postgres
  version: 0.1.0
- name: mysql
  repository: file://mysql
  version: 0.1.0
- name: cassandra
  repository: file://cassandra
  version: 0.1.0
- name: redis
  repository: file://redis
  version: 0.1.0
- name: nats
  repository: file://nats
  version: 0.1.0
digest: sha256:5b335dc61f3731128edd07cdedabd778defdea107d55883d4c0550fe302cb7ea
generated: "2025-01-04T23:23:25.637126+07:00"
