dependencies:
- name: consul
  repository: file://consul
  version: 0.1.0
- name: postgres
  repository: file://postgres
  version: 0.1.0
- name: mysql
  repository: file://mysql
  version: 0.1.0
digest: sha256:b3beebede5abfcce1ccb530cc608777ac3f7fc8cd6b427f0c574e47aaaa1f135
generated: "2025-01-04T21:32:15.778351+07:00"
