github.com/JIeeiroSst/lib-gateway v0.0.0-20250321171927-e33715e76ff4 h1:YUjdhBPpODUrojmpjL03/X8zTyxOHC9rscO3Mq8kZNY=
github.com/JIeeiroSst/lib-gateway v0.0.0-20250321171927-e33715e76ff4/go.mod h1:75kCb3aX7N8aDEQp20i1jNNFno2FrubVvCrdjazLFrs=
github.com/JIeeiroSst/utils v0.0.0-20250319121542-d2d8118bfe60 h1:f9WaPugD61cSpF3YMPJwi+g9QFm0WNO92AaI+R/J6Lc=
github.com/JIeeiroSst/utils v0.0.0-20250319121542-d2d8118bfe60/go.mod h1:WjEMG+SztXOKe9b8fP8CLauWOnuPvnVqaxh2sNQD5mw=
